// !$*UTF8*$!
{
	archiveVersion = 1;
	classes = {
	};
	objectVersion = 46;
	objects = {

/* Begin PBXBuildFile section */
		38C1195C1AB41F9B004888A5 /* Foundation.framework in Frameworks */ = {isa = PBXBuildFile; fileRef = 38C1195B1AB41F9B004888A5 /* Foundation.framework */; };
		38C1195E1AB41F9B004888A5 /* CoreGraphics.framework in Frameworks */ = {isa = PBXBuildFile; fileRef = 38C1195D1AB41F9B004888A5 /* CoreGraphics.framework */; };
		38C119601AB41F9B004888A5 /* UIKit.framework in Frameworks */ = {isa = PBXBuildFile; fileRef = 38C1195F1AB41F9B004888A5 /* UIKit.framework */; };
		38C119661AB41F9B004888A5 /* InfoPlist.strings in Resources */ = {isa = PBXBuildFile; fileRef = 38C119641AB41F9B004888A5 /* InfoPlist.strings */; };
		38C119681AB41F9B004888A5 /* main.m in Sources */ = {isa = PBXBuildFile; fileRef = 38C119671AB41F9B004888A5 /* main.m */; };
		38C1196C1AB41F9B004888A5 /* SDAppDelegate.m in Sources */ = {isa = PBXBuildFile; fileRef = 38C1196B1AB41F9B004888A5 /* SDAppDelegate.m */; };
		38C1196E1AB41F9B004888A5 /* Images.xcassets in Resources */ = {isa = PBXBuildFile; fileRef = 38C1196D1AB41F9B004888A5 /* Images.xcassets */; };
		38C119751AB41F9B004888A5 /* XCTest.framework in Frameworks */ = {isa = PBXBuildFile; fileRef = 38C119741AB41F9B004888A5 /* XCTest.framework */; };
		38C119761AB41F9B004888A5 /* Foundation.framework in Frameworks */ = {isa = PBXBuildFile; fileRef = 38C1195B1AB41F9B004888A5 /* Foundation.framework */; };
		38C119771AB41F9B004888A5 /* UIKit.framework in Frameworks */ = {isa = PBXBuildFile; fileRef = 38C1195F1AB41F9B004888A5 /* UIKit.framework */; };
		38C1197F1AB41F9B004888A5 /* InfoPlist.strings in Resources */ = {isa = PBXBuildFile; fileRef = 38C1197D1AB41F9B004888A5 /* InfoPlist.strings */; };
		38C119811AB41F9B004888A5 /* SchoolDateTests.m in Sources */ = {isa = PBXBuildFile; fileRef = 38C119801AB41F9B004888A5 /* SchoolDateTests.m */; };
/* End PBXBuildFile section */

/* Begin PBXContainerItemProxy section */
		38C119781AB41F9B004888A5 /* PBXContainerItemProxy */ = {
			isa = PBXContainerItemProxy;
			containerPortal = 38C119501AB41F9A004888A5 /* Project object */;
			proxyType = 1;
			remoteGlobalIDString = 38C119571AB41F9B004888A5;
			remoteInfo = SchoolDate;
		};
/* End PBXContainerItemProxy section */

/* Begin PBXFileReference section */
		38C119581AB41F9B004888A5 /* SchoolDate.app */ = {isa = PBXFileReference; explicitFileType = wrapper.application; includeInIndex = 0; path = SchoolDate.app; sourceTree = BUILT_PRODUCTS_DIR; };
		38C1195B1AB41F9B004888A5 /* Foundation.framework */ = {isa = PBXFileReference; lastKnownFileType = wrapper.framework; name = Foundation.framework; path = System/Library/Frameworks/Foundation.framework; sourceTree = SDKROOT; };
		38C1195D1AB41F9B004888A5 /* CoreGraphics.framework */ = {isa = PBXFileReference; lastKnownFileType = wrapper.framework; name = CoreGraphics.framework; path = System/Library/Frameworks/CoreGraphics.framework; sourceTree = SDKROOT; };
		38C1195F1AB41F9B004888A5 /* UIKit.framework */ = {isa = PBXFileReference; lastKnownFileType = wrapper.framework; name = UIKit.framework; path = System/Library/Frameworks/UIKit.framework; sourceTree = SDKROOT; };
		38C119631AB41F9B004888A5 /* SchoolDate-Info.plist */ = {isa = PBXFileReference; lastKnownFileType = text.plist.xml; path = "SchoolDate-Info.plist"; sourceTree = "<group>"; };
		38C119651AB41F9B004888A5 /* en */ = {isa = PBXFileReference; lastKnownFileType = text.plist.strings; name = en; path = en.lproj/InfoPlist.strings; sourceTree = "<group>"; };
		38C119671AB41F9B004888A5 /* main.m */ = {isa = PBXFileReference; lastKnownFileType = sourcecode.c.objc; path = main.m; sourceTree = "<group>"; };
		38C119691AB41F9B004888A5 /* SchoolDate-Prefix.pch */ = {isa = PBXFileReference; lastKnownFileType = sourcecode.c.h; path = "SchoolDate-Prefix.pch"; sourceTree = "<group>"; };
		38C1196A1AB41F9B004888A5 /* SDAppDelegate.h */ = {isa = PBXFileReference; lastKnownFileType = sourcecode.c.h; path = SDAppDelegate.h; sourceTree = "<group>"; };
		38C1196B1AB41F9B004888A5 /* SDAppDelegate.m */ = {isa = PBXFileReference; lastKnownFileType = sourcecode.c.objc; path = SDAppDelegate.m; sourceTree = "<group>"; };
		38C1196D1AB41F9B004888A5 /* Images.xcassets */ = {isa = PBXFileReference; lastKnownFileType = folder.assetcatalog; path = Images.xcassets; sourceTree = "<group>"; };
		38C119731AB41F9B004888A5 /* SchoolDateTests.xctest */ = {isa = PBXFileReference; explicitFileType = wrapper.cfbundle; includeInIndex = 0; path = SchoolDateTests.xctest; sourceTree = BUILT_PRODUCTS_DIR; };
		38C119741AB41F9B004888A5 /* XCTest.framework */ = {isa = PBXFileReference; lastKnownFileType = wrapper.framework; name = XCTest.framework; path = Library/Frameworks/XCTest.framework; sourceTree = DEVELOPER_DIR; };
		38C1197C1AB41F9B004888A5 /* SchoolDateTests-Info.plist */ = {isa = PBXFileReference; lastKnownFileType = text.plist.xml; path = "SchoolDateTests-Info.plist"; sourceTree = "<group>"; };
		38C1197E1AB41F9B004888A5 /* en */ = {isa = PBXFileReference; lastKnownFileType = text.plist.strings; name = en; path = en.lproj/InfoPlist.strings; sourceTree = "<group>"; };
		38C119801AB41F9B004888A5 /* SchoolDateTests.m */ = {isa = PBXFileReference; lastKnownFileType = sourcecode.c.objc; path = SchoolDateTests.m; sourceTree = "<group>"; };
/* End PBXFileReference section */

/* Begin PBXFrameworksBuildPhase section */
		38C119551AB41F9B004888A5 /* Frameworks */ = {
			isa = PBXFrameworksBuildPhase;
			buildActionMask = 2147483647;
			files = (
				38C1195E1AB41F9B004888A5 /* CoreGraphics.framework in Frameworks */,
				38C119601AB41F9B004888A5 /* UIKit.framework in Frameworks */,
				38C1195C1AB41F9B004888A5 /* Foundation.framework in Frameworks */,
			);
			runOnlyForDeploymentPostprocessing = 0;
		};
		38C119701AB41F9B004888A5 /* Frameworks */ = {
			isa = PBXFrameworksBuildPhase;
			buildActionMask = 2147483647;
			files = (
				38C119751AB41F9B004888A5 /* XCTest.framework in Frameworks */,
				38C119771AB41F9B004888A5 /* UIKit.framework in Frameworks */,
				38C119761AB41F9B004888A5 /* Foundation.framework in Frameworks */,
			);
			runOnlyForDeploymentPostprocessing = 0;
		};
/* End PBXFrameworksBuildPhase section */

/* Begin PBXGroup section */
		38C1194F1AB41F9A004888A5 = {
			isa = PBXGroup;
			children = (
				38C119611AB41F9B004888A5 /* SchoolDate */,
				38C1197A1AB41F9B004888A5 /* SchoolDateTests */,
				38C1195A1AB41F9B004888A5 /* Frameworks */,
				38C119591AB41F9B004888A5 /* Products */,
			);
			sourceTree = "<group>";
		};
		38C119591AB41F9B004888A5 /* Products */ = {
			isa = PBXGroup;
			children = (
				38C119581AB41F9B004888A5 /* SchoolDate.app */,
				38C119731AB41F9B004888A5 /* SchoolDateTests.xctest */,
			);
			name = Products;
			sourceTree = "<group>";
		};
		38C1195A1AB41F9B004888A5 /* Frameworks */ = {
			isa = PBXGroup;
			children = (
				38C1195B1AB41F9B004888A5 /* Foundation.framework */,
				38C1195D1AB41F9B004888A5 /* CoreGraphics.framework */,
				38C1195F1AB41F9B004888A5 /* UIKit.framework */,
				38C119741AB41F9B004888A5 /* XCTest.framework */,
			);
			name = Frameworks;
			sourceTree = "<group>";
		};
		38C119611AB41F9B004888A5 /* SchoolDate */ = {
			isa = PBXGroup;
			children = (
				38C1196A1AB41F9B004888A5 /* SDAppDelegate.h */,
				38C1196B1AB41F9B004888A5 /* SDAppDelegate.m */,
				38C1196D1AB41F9B004888A5 /* Images.xcassets */,
				38C119621AB41F9B004888A5 /* Supporting Files */,
			);
			path = SchoolDate;
			sourceTree = "<group>";
		};
		38C119621AB41F9B004888A5 /* Supporting Files */ = {
			isa = PBXGroup;
			children = (
				38C119631AB41F9B004888A5 /* SchoolDate-Info.plist */,
				38C119641AB41F9B004888A5 /* InfoPlist.strings */,
				38C119671AB41F9B004888A5 /* main.m */,
				38C119691AB41F9B004888A5 /* SchoolDate-Prefix.pch */,
			);
			name = "Supporting Files";
			sourceTree = "<group>";
		};
		38C1197A1AB41F9B004888A5 /* SchoolDateTests */ = {
			isa = PBXGroup;
			children = (
				38C119801AB41F9B004888A5 /* SchoolDateTests.m */,
				38C1197B1AB41F9B004888A5 /* Supporting Files */,
			);
			path = SchoolDateTests;
			sourceTree = "<group>";
		};
		38C1197B1AB41F9B004888A5 /* Supporting Files */ = {
			isa = PBXGroup;
			children = (
				38C1197C1AB41F9B004888A5 /* SchoolDateTests-Info.plist */,
				38C1197D1AB41F9B004888A5 /* InfoPlist.strings */,
			);
			name = "Supporting Files";
			sourceTree = "<group>";
		};
/* End PBXGroup section */

/* Begin PBXNativeTarget section */
		38C119571AB41F9B004888A5 /* SchoolDate */ = {
			isa = PBXNativeTarget;
			buildConfigurationList = 38C119841AB41F9C004888A5 /* Build configuration list for PBXNativeTarget "SchoolDate" */;
			buildPhases = (
				38C119541AB41F9B004888A5 /* Sources */,
				38C119551AB41F9B004888A5 /* Frameworks */,
				38C119561AB41F9B004888A5 /* Resources */,
			);
			buildRules = (
			);
			dependencies = (
			);
			name = SchoolDate;
			productName = SchoolDate;
			productReference = 38C119581AB41F9B004888A5 /* SchoolDate.app */;
			productType = "com.apple.product-type.application";
		};
		38C119721AB41F9B004888A5 /* SchoolDateTests */ = {
			isa = PBXNativeTarget;
			buildConfigurationList = 38C119871AB41F9C004888A5 /* Build configuration list for PBXNativeTarget "SchoolDateTests" */;
			buildPhases = (
				38C1196F1AB41F9B004888A5 /* Sources */,
				38C119701AB41F9B004888A5 /* Frameworks */,
				38C119711AB41F9B004888A5 /* Resources */,
			);
			buildRules = (
			);
			dependencies = (
				38C119791AB41F9B004888A5 /* PBXTargetDependency */,
			);
			name = SchoolDateTests;
			productName = SchoolDateTests;
			productReference = 38C119731AB41F9B004888A5 /* SchoolDateTests.xctest */;
			productType = "com.apple.product-type.bundle.unit-test";
		};
/* End PBXNativeTarget section */

/* Begin PBXProject section */
		38C119501AB41F9A004888A5 /* Project object */ = {
			isa = PBXProject;
			attributes = {
				CLASSPREFIX = SD;
				LastUpgradeCheck = 0510;
				ORGANIZATIONNAME = cpptd;
				TargetAttributes = {
					38C119721AB41F9B004888A5 = {
						TestTargetID = 38C119571AB41F9B004888A5;
					};
				};
			};
			buildConfigurationList = 38C119531AB41F9A004888A5 /* Build configuration list for PBXProject "SchoolDate" */;
			compatibilityVersion = "Xcode 3.2";
			developmentRegion = English;
			hasScannedForEncodings = 0;
			knownRegions = (
				en,
			);
			mainGroup = 38C1194F1AB41F9A004888A5;
			productRefGroup = 38C119591AB41F9B004888A5 /* Products */;
			projectDirPath = "";
			projectRoot = "";
			targets = (
				38C119571AB41F9B004888A5 /* SchoolDate */,
				38C119721AB41F9B004888A5 /* SchoolDateTests */,
			);
		};
/* End PBXProject section */

/* Begin PBXResourcesBuildPhase section */
		38C119561AB41F9B004888A5 /* Resources */ = {
			isa = PBXResourcesBuildPhase;
			buildActionMask = 2147483647;
			files = (
				38C119661AB41F9B004888A5 /* InfoPlist.strings in Resources */,
				38C1196E1AB41F9B004888A5 /* Images.xcassets in Resources */,
			);
			runOnlyForDeploymentPostprocessing = 0;
		};
		38C119711AB41F9B004888A5 /* Resources */ = {
			isa = PBXResourcesBuildPhase;
			buildActionMask = 2147483647;
			files = (
				38C1197F1AB41F9B004888A5 /* InfoPlist.strings in Resources */,
			);
			runOnlyForDeploymentPostprocessing = 0;
		};
/* End PBXResourcesBuildPhase section */

/* Begin PBXSourcesBuildPhase section */
		38C119541AB41F9B004888A5 /* Sources */ = {
			isa = PBXSourcesBuildPhase;
			buildActionMask = 2147483647;
			files = (
				38C119681AB41F9B004888A5 /* main.m in Sources */,
				38C1196C1AB41F9B004888A5 /* SDAppDelegate.m in Sources */,
			);
			runOnlyForDeploymentPostprocessing = 0;
		};
		38C1196F1AB41F9B004888A5 /* Sources */ = {
			isa = PBXSourcesBuildPhase;
			buildActionMask = 2147483647;
			files = (
				38C119811AB41F9B004888A5 /* SchoolDateTests.m in Sources */,
			);
			runOnlyForDeploymentPostprocessing = 0;
		};
/* End PBXSourcesBuildPhase section */

/* Begin PBXTargetDependency section */
		38C119791AB41F9B004888A5 /* PBXTargetDependency */ = {
			isa = PBXTargetDependency;
			target = 38C119571AB41F9B004888A5 /* SchoolDate */;
			targetProxy = 38C119781AB41F9B004888A5 /* PBXContainerItemProxy */;
		};
/* End PBXTargetDependency section */

/* Begin PBXVariantGroup section */
		38C119641AB41F9B004888A5 /* InfoPlist.strings */ = {
			isa = PBXVariantGroup;
			children = (
				38C119651AB41F9B004888A5 /* en */,
			);
			name = InfoPlist.strings;
			sourceTree = "<group>";
		};
		38C1197D1AB41F9B004888A5 /* InfoPlist.strings */ = {
			isa = PBXVariantGroup;
			children = (
				38C1197E1AB41F9B004888A5 /* en */,
			);
			name = InfoPlist.strings;
			sourceTree = "<group>";
		};
/* End PBXVariantGroup section */

/* Begin XCBuildConfiguration section */
		38C119821AB41F9C004888A5 /* Debug */ = {
			isa = XCBuildConfiguration;
			buildSettings = {
				ALWAYS_SEARCH_USER_PATHS = NO;
				CLANG_CXX_LANGUAGE_STANDARD = "gnu++0x";
				CLANG_CXX_LIBRARY = "libc++";
				CLANG_ENABLE_MODULES = YES;
				CLANG_ENABLE_OBJC_ARC = YES;
				CLANG_WARN_BOOL_CONVERSION = YES;
				CLANG_WARN_CONSTANT_CONVERSION = YES;
				CLANG_WARN_DIRECT_OBJC_ISA_USAGE = YES_ERROR;
				CLANG_WARN_EMPTY_BODY = YES;
				CLANG_WARN_ENUM_CONVERSION = YES;
				CLANG_WARN_INT_CONVERSION = YES;
				CLANG_WARN_OBJC_ROOT_CLASS = YES_ERROR;
				CLANG_WARN__DUPLICATE_METHOD_MATCH = YES;
				"CODE_SIGN_IDENTITY[sdk=iphoneos*]" = "iPhone Developer";
				COPY_PHASE_STRIP = NO;
				GCC_C_LANGUAGE_STANDARD = gnu99;
				GCC_DYNAMIC_NO_PIC = NO;
				GCC_OPTIMIZATION_LEVEL = 0;
				GCC_PREPROCESSOR_DEFINITIONS = (
					"DEBUG=1",
					"$(inherited)",
				);
				GCC_SYMBOLS_PRIVATE_EXTERN = NO;
				GCC_WARN_64_TO_32_BIT_CONVERSION = YES;
				GCC_WARN_ABOUT_RETURN_TYPE = YES_ERROR;
				GCC_WARN_UNDECLARED_SELECTOR = YES;
				GCC_WARN_UNINITIALIZED_AUTOS = YES_AGGRESSIVE;
				GCC_WARN_UNUSED_FUNCTION = YES;
				GCC_WARN_UNUSED_VARIABLE = YES;
				IPHONEOS_DEPLOYMENT_TARGET = 7.1;
				ONLY_ACTIVE_ARCH = YES;
				SDKROOT = iphoneos;
			};
			name = Debug;
		};
		38C119831AB41F9C004888A5 /* Release */ = {
			isa = XCBuildConfiguration;
			buildSettings = {
				ALWAYS_SEARCH_USER_PATHS = NO;
				CLANG_CXX_LANGUAGE_STANDARD = "gnu++0x";
				CLANG_CXX_LIBRARY = "libc++";
				CLANG_ENABLE_MODULES = YES;
				CLANG_ENABLE_OBJC_ARC = YES;
				CLANG_WARN_BOOL_CONVERSION = YES;
				CLANG_WARN_CONSTANT_CONVERSION = YES;
				CLANG_WARN_DIRECT_OBJC_ISA_USAGE = YES_ERROR;
				CLANG_WARN_EMPTY_BODY = YES;
				CLANG_WARN_ENUM_CONVERSION = YES;
				CLANG_WARN_INT_CONVERSION = YES;
				CLANG_WARN_OBJC_ROOT_CLASS = YES_ERROR;
				CLANG_WARN__DUPLICATE_METHOD_MATCH = YES;
				"CODE_SIGN_IDENTITY[sdk=iphoneos*]" = "iPhone Developer";
				COPY_PHASE_STRIP = YES;
				ENABLE_NS_ASSERTIONS = NO;
				GCC_C_LANGUAGE_STANDARD = gnu99;
				GCC_WARN_64_TO_32_BIT_CONVERSION = YES;
				GCC_WARN_ABOUT_RETURN_TYPE = YES_ERROR;
				GCC_WARN_UNDECLARED_SELECTOR = YES;
				GCC_WARN_UNINITIALIZED_AUTOS = YES_AGGRESSIVE;
				GCC_WARN_UNUSED_FUNCTION = YES;
				GCC_WARN_UNUSED_VARIABLE = YES;
				IPHONEOS_DEPLOYMENT_TARGET = 7.1;
				SDKROOT = iphoneos;
				VALIDATE_PRODUCT = YES;
			};
			name = Release;
		};
		38C119851AB41F9C004888A5 /* Debug */ = {
			isa = XCBuildConfiguration;
			buildSettings = {
				ASSETCATALOG_COMPILER_APPICON_NAME = AppIcon;
				ASSETCATALOG_COMPILER_LAUNCHIMAGE_NAME = LaunchImage;
				GCC_PRECOMPILE_PREFIX_HEADER = YES;
				GCC_PREFIX_HEADER = "SchoolDate/SchoolDate-Prefix.pch";
				INFOPLIST_FILE = "SchoolDate/SchoolDate-Info.plist";
				PRODUCT_NAME = "$(TARGET_NAME)";
				WRAPPER_EXTENSION = app;
			};
			name = Debug;
		};
		38C119861AB41F9C004888A5 /* Release */ = {
			isa = XCBuildConfiguration;
			buildSettings = {
				ASSETCATALOG_COMPILER_APPICON_NAME = AppIcon;
				ASSETCATALOG_COMPILER_LAUNCHIMAGE_NAME = LaunchImage;
				GCC_PRECOMPILE_PREFIX_HEADER = YES;
				GCC_PREFIX_HEADER = "SchoolDate/SchoolDate-Prefix.pch";
				INFOPLIST_FILE = "SchoolDate/SchoolDate-Info.plist";
				PRODUCT_NAME = "$(TARGET_NAME)";
				WRAPPER_EXTENSION = app;
			};
			name = Release;
		};
		38C119881AB41F9C004888A5 /* Debug */ = {
			isa = XCBuildConfiguration;
			buildSettings = {
				BUNDLE_LOADER = "$(BUILT_PRODUCTS_DIR)/SchoolDate.app/SchoolDate";
				FRAMEWORK_SEARCH_PATHS = (
					"$(SDKROOT)/Developer/Library/Frameworks",
					"$(inherited)",
					"$(DEVELOPER_FRAMEWORKS_DIR)",
				);
				GCC_PRECOMPILE_PREFIX_HEADER = YES;
				GCC_PREFIX_HEADER = "SchoolDate/SchoolDate-Prefix.pch";
				GCC_PREPROCESSOR_DEFINITIONS = (
					"DEBUG=1",
					"$(inherited)",
				);
				INFOPLIST_FILE = "SchoolDateTests/SchoolDateTests-Info.plist";
				PRODUCT_NAME = "$(TARGET_NAME)";
				TEST_HOST = "$(BUNDLE_LOADER)";
				WRAPPER_EXTENSION = xctest;
			};
			name = Debug;
		};
		38C119891AB41F9C004888A5 /* Release */ = {
			isa = XCBuildConfiguration;
			buildSettings = {
				BUNDLE_LOADER = "$(BUILT_PRODUCTS_DIR)/SchoolDate.app/SchoolDate";
				FRAMEWORK_SEARCH_PATHS = (
					"$(SDKROOT)/Developer/Library/Frameworks",
					"$(inherited)",
					"$(DEVELOPER_FRAMEWORKS_DIR)",
				);
				GCC_PRECOMPILE_PREFIX_HEADER = YES;
				GCC_PREFIX_HEADER = "SchoolDate/SchoolDate-Prefix.pch";
				INFOPLIST_FILE = "SchoolDateTests/SchoolDateTests-Info.plist";
				PRODUCT_NAME = "$(TARGET_NAME)";
				TEST_HOST = "$(BUNDLE_LOADER)";
				WRAPPER_EXTENSION = xctest;
			};
			name = Release;
		};
/* End XCBuildConfiguration section */

/* Begin XCConfigurationList section */
		38C119531AB41F9A004888A5 /* Build configuration list for PBXProject "SchoolDate" */ = {
			isa = XCConfigurationList;
			buildConfigurations = (
				38C119821AB41F9C004888A5 /* Debug */,
				38C119831AB41F9C004888A5 /* Release */,
			);
			defaultConfigurationIsVisible = 0;
			defaultConfigurationName = Release;
		};
		38C119841AB41F9C004888A5 /* Build configuration list for PBXNativeTarget "SchoolDate" */ = {
			isa = XCConfigurationList;
			buildConfigurations = (
				38C119851AB41F9C004888A5 /* Debug */,
				38C119861AB41F9C004888A5 /* Release */,
			);
			defaultConfigurationIsVisible = 0;
		};
		38C119871AB41F9C004888A5 /* Build configuration list for PBXNativeTarget "SchoolDateTests" */ = {
			isa = XCConfigurationList;
			buildConfigurations = (
				38C119881AB41F9C004888A5 /* Debug */,
				38C119891AB41F9C004888A5 /* Release */,
			);
			defaultConfigurationIsVisible = 0;
		};
/* End XCConfigurationList section */
	};
	rootObject = 38C119501AB41F9A004888A5 /* Project object */;
}
